
Microsoft Visual Studio Solution File, Format Version 12.00
# Visual Studio Version 17
VisualStudioVersion = 17.0.32014.148
MinimumVisualStudioVersion = 10.0.40219.1
Project("{FAE04EC0-301F-11D3-BF4B-00C04F79EFBC}") = "AutomobileLibrary", "AutomobileLibrary\AutomobileLibrary.csproj", "{9F5C8318-5B4C-4B9F-ADB2-E1F9BD5D0482}"
EndProject
Project("{FAE04EC0-301F-11D3-BF4B-00C04F79EFBC}") = "AutomobileWinApp", "AutomobileWinApp\AutomobileWinApp.csproj", "{3FADDB3A-4A75-4C70-8646-68B78E2789B7}"
EndProject
Global
	GlobalSection(SolutionConfigurationPlatforms) = preSolution
		Debug|Any CPU = Debug|Any CPU
		Release|Any CPU = Release|Any CPU
	EndGlobalSection
	GlobalSection(ProjectConfigurationPlatforms) = postSolution
		{9F5C8318-5B4C-4B9F-ADB2-E1F9BD5D0482}.Debug|Any CPU.ActiveCfg = Debug|Any CPU
		{9F5C8318-5B4C-4B9F-ADB2-E1F9BD5D0482}.Debug|Any CPU.Build.0 = Debug|Any CPU
		{9F5C8318-5B4C-4B9F-ADB2-E1F9BD5D0482}.Release|Any CPU.ActiveCfg = Release|Any CPU
		{9F5C8318-5B4C-4B9F-ADB2-E1F9BD5D0482}.Release|Any CPU.Build.0 = Release|Any CPU
		{3FADDB3A-4A75-4C70-8646-68B78E2789B7}.Debug|Any CPU.ActiveCfg = Debug|Any CPU
		{3FADDB3A-4A75-4C70-8646-68B78E2789B7}.Debug|Any CPU.Build.0 = Debug|Any CPU
		{3FADDB3A-4A75-4C70-8646-68B78E2789B7}.Release|Any CPU.ActiveCfg = Release|Any CPU
		{3FADDB3A-4A75-4C70-8646-68B78E2789B7}.Release|Any CPU.Build.0 = Release|Any CPU
	EndGlobalSection
	GlobalSection(SolutionProperties) = preSolution
		HideSolutionNode = FALSE
	EndGlobalSection
	GlobalSection(ExtensibilityGlobals) = postSolution
		SolutionGuid = {CAF7F91B-A22D-44F0-86E3-80073B303261}
	EndGlobalSection
EndGlobal
