
Microsoft Visual Studio Solution File, Format Version 12.00
# Visual Studio Version 17
VisualStudioVersion = 17.0.32014.148
MinimumVisualStudioVersion = 10.0.40219.1
Project("{FAE04EC0-301F-11D3-BF4B-00C04F79EFBC}") = "MyMDIApp", "MyMDIApp.csproj", "{A67ECCDE-2EFE-4D6E-990D-096CAB500241}"
EndProject
Global
	GlobalSection(SolutionConfigurationPlatforms) = preSolution
		Debug|Any CPU = Debug|Any CPU
		Release|Any CPU = Release|Any CPU
	EndGlobalSection
	GlobalSection(ProjectConfigurationPlatforms) = postSolution
		{A67ECCDE-2EFE-4D6E-990D-096CAB500241}.Debug|Any CPU.ActiveCfg = Debug|Any CPU
		{A67ECCDE-2EFE-4D6E-990D-096CAB500241}.Debug|Any CPU.Build.0 = Debug|Any CPU
		{A67ECCDE-2EFE-4D6E-990D-096CAB500241}.Release|Any CPU.ActiveCfg = Release|Any CPU
		{A67ECCDE-2EFE-4D6E-990D-096CAB500241}.Release|Any CPU.Build.0 = Release|Any CPU
	EndGlobalSection
	GlobalSection(SolutionProperties) = preSolution
		HideSolutionNode = FALSE
	EndGlobalSection
	GlobalSection(ExtensibilityGlobals) = postSolution
		SolutionGuid = {58F672A6-1EF7-475D-9F7D-FFC76204E20F}
	EndGlobalSection
EndGlobal
